Microsoft Visual Studio Solution File, Format Version 12.00
# Visual Studio Version 17
VisualStudioVersion = 17.5.2.0
MinimumVisualStudioVersion = 10.0.40219.1
Project("{FAE04EC0-301F-11D3-BF4B-00C04F79EFBC}") = "GetContacts", "GetContacts.csproj", "{214D2D04-11E2-AC52-E666-C90C9AA6DBCB}"
EndProject
Project("{FAE04EC0-301F-11D3-BF4B-00C04F79EFBC}") = "ContactZone.Infrastructure", "..\..\ContactZone.Infrastructure\ContactZone.Infrastructure.csproj", "{30AF2989-3BEB-183A-22D3-9787FA1BED20}"
EndProject
Global
	GlobalSection(SolutionConfigurationPlatforms) = preSolution
		Debug|Any CPU = Debug|Any CPU
		Release|Any CPU = Release|Any CPU
	EndGlobalSection
	GlobalSection(ProjectConfigurationPlatforms) = postSolution
		{214D2D04-11E2-AC52-E666-C90C9AA6DBCB}.Debug|Any CPU.ActiveCfg = Debug|Any CPU
		{214D2D04-11E2-AC52-E666-C90C9AA6DBCB}.Debug|Any CPU.Build.0 = Debug|Any CPU
		{214D2D04-11E2-AC52-E666-C90C9AA6DBCB}.Release|Any CPU.ActiveCfg = Release|Any CPU
		{214D2D04-11E2-AC52-E666-C90C9AA6DBCB}.Release|Any CPU.Build.0 = Release|Any CPU
		{30AF2989-3BEB-183A-22D3-9787FA1BED20}.Debug|Any CPU.ActiveCfg = Debug|Any CPU
		{30AF2989-3BEB-183A-22D3-9787FA1BED20}.Debug|Any CPU.Build.0 = Debug|Any CPU
		{30AF2989-3BEB-183A-22D3-9787FA1BED20}.Release|Any CPU.ActiveCfg = Release|Any CPU
		{30AF2989-3BEB-183A-22D3-9787FA1BED20}.Release|Any CPU.Build.0 = Release|Any CPU
	EndGlobalSection
	GlobalSection(SolutionProperties) = preSolution
		HideSolutionNode = FALSE
	EndGlobalSection
	GlobalSection(ExtensibilityGlobals) = postSolution
		SolutionGuid = {98AE042E-D977-4608-B6ED-7267517D4384}
	EndGlobalSection
EndGlobal
