
Microsoft Visual Studio Solution File, Format Version 12.00
# Visual Studio Version 17
VisualStudioVersion = 17.13.35818.85 d17.13
MinimumVisualStudioVersion = 10.0.40219.1
Project("{FAE04EC0-301F-11D3-BF4B-00C04F79EFBC}") = "DLQReader", "DLQReader.csproj", "{AFDEFDEB-138D-4E5D-9DBA-683D4F8056A8}"
EndProject
Global
	GlobalSection(SolutionConfigurationPlatforms) = preSolution
		Debug|Any CPU = Debug|Any CPU
		Release|Any CPU = Release|Any CPU
	EndGlobalSection
	GlobalSection(ProjectConfigurationPlatforms) = postSolution
		{AFDEFDEB-138D-4E5D-9DBA-683D4F8056A8}.Debug|Any CPU.ActiveCfg = Debug|Any CPU
		{AFDEFDEB-138D-4E5D-9DBA-683D4F8056A8}.Debug|Any CPU.Build.0 = Debug|Any CPU
		{AFDEFDEB-138D-4E5D-9DBA-683D4F8056A8}.Release|Any CPU.ActiveCfg = Release|Any CPU
		{AFDEFDEB-138D-4E5D-9DBA-683D4F8056A8}.Release|Any CPU.Build.0 = Release|Any CPU
	EndGlobalSection
	GlobalSection(SolutionProperties) = preSolution
		HideSolutionNode = FALSE
	EndGlobalSection
	GlobalSection(ExtensibilityGlobals) = postSolution
		SolutionGuid = {5A7D6345-2C88-4D6C-92E0-D7381AB29211}
	EndGlobalSection
EndGlobal
